
Microsoft Visual Studio Solution File, Format Version 12.00
# Visual Studio Version 17
VisualStudioVersion = 17.11.35431.28
MinimumVisualStudioVersion = 10.0.40219.1
Project("{FAE04EC0-301F-11D3-BF4B-00C04F79EFBC}") = "arayuz", "arayuz.csproj", "{A38106C1-3529-4527-BB3D-793513C6BE3B}"
EndProject
Global
	GlobalSection(SolutionConfigurationPlatforms) = preSolution
		Debug|Any CPU = Debug|Any CPU
		Release|Any CPU = Release|Any CPU
	EndGlobalSection
	GlobalSection(ProjectConfigurationPlatforms) = postSolution
		{A38106C1-3529-4527-BB3D-793513C6BE3B}.Debug|Any CPU.ActiveCfg = Debug|Any CPU
		{A38106C1-3529-4527-BB3D-793513C6BE3B}.Debug|Any CPU.Build.0 = Debug|Any CPU
		{A38106C1-3529-4527-BB3D-793513C6BE3B}.Release|Any CPU.ActiveCfg = Release|Any CPU
		{A38106C1-3529-4527-BB3D-793513C6BE3B}.Release|Any CPU.Build.0 = Release|Any CPU
	EndGlobalSection
	GlobalSection(SolutionProperties) = preSolution
		HideSolutionNode = FALSE
	EndGlobalSection
	GlobalSection(ExtensibilityGlobals) = postSolution
		SolutionGuid = {E210886D-5D1A-475A-85CF-1189607829FA}
	EndGlobalSection
EndGlobal
